{
  "lockfileVersion": 1,
  "workspaces": {
    "": {
      "name": "spawn-rx",
      "dependencies": {
        "debug": "^4.3.7",
        "rxjs": "^7.8.1",
      },
      "devDependencies": {
        "@biomejs/biome": "^2.3.0",
        "@types/debug": "^4.1.12",
        "@types/node": "^22.0.0",
        "babel-register": "^6.23.0",
        "bun-types": "latest",
        "esdoc": "^1.1.0",
        "esdoc-es7-plugin": "0.0.3",
        "esdoc-plugin-async-to-sync": "^0.5.0",
        "marked": "^0.5.0",
        "typescript": "^5.6.3",
        "uuid": "3.0.1",
      },
    },
  },
  "packages": {
    "@biomejs/biome": ["@biomejs/biome@2.3.1", "", { "optionalDependencies": { "@biomejs/cli-darwin-arm64": "2.3.1", "@biomejs/cli-darwin-x64": "2.3.1", "@biomejs/cli-linux-arm64": "2.3.1", "@biomejs/cli-linux-arm64-musl": "2.3.1", "@biomejs/cli-linux-x64": "2.3.1", "@biomejs/cli-linux-x64-musl": "2.3.1", "@biomejs/cli-win32-arm64": "2.3.1", "@biomejs/cli-win32-x64": "2.3.1" }, "bin": { "biome": "bin/biome" } }, "sha512-A29evf1R72V5bo4o2EPxYMm5mtyGvzp2g+biZvRFx29nWebGyyeOSsDWGx3tuNNMFRepGwxmA9ZQ15mzfabK2w=="],

    "@biomejs/cli-darwin-arm64": ["@biomejs/cli-darwin-arm64@2.3.1", "", { "os": "darwin", "cpu": "arm64" }, "sha512-ombSf3MnTUueiYGN1SeI9tBCsDUhpWzOwS63Dove42osNh0PfE1cUtHFx6eZ1+MYCCLwXzlFlYFdrJ+U7h6LcA=="],

    "@biomejs/cli-darwin-x64": ["@biomejs/cli-darwin-x64@2.3.1", "", { "os": "darwin", "cpu": "x64" }, "sha512-pcOfwyoQkrkbGvXxRvZNe5qgD797IowpJPovPX5biPk2FwMEV+INZqfCaz4G5bVq9hYnjwhRMamg11U4QsRXrQ=="],

    "@biomejs/cli-linux-arm64": ["@biomejs/cli-linux-arm64@2.3.1", "", { "os": "linux", "cpu": "arm64" }, "sha512-td5O8pFIgLs8H1sAZsD6v+5quODihyEw4nv2R8z7swUfIK1FKk+15e4eiYVLcAE4jUqngvh4j3JCNgg0Y4o4IQ=="],

    "@biomejs/cli-linux-arm64-musl": ["@biomejs/cli-linux-arm64-musl@2.3.1", "", { "os": "linux", "cpu": "arm64" }, "sha512-+DZYv8l7FlUtTrWs1Tdt1KcNCAmRO87PyOnxKGunbWm5HKg1oZBSbIIPkjrCtDZaeqSG1DiGx7qF+CPsquQRcg=="],

    "@biomejs/cli-linux-x64": ["@biomejs/cli-linux-x64@2.3.1", "", { "os": "linux", "cpu": "x64" }, "sha512-PYWgEO7up7XYwSAArOpzsVCiqxBCXy53gsReAb1kKYIyXaoAlhBaBMvxR/k2Rm9aTuZ662locXUmPk/Aj+Xu+Q=="],

    "@biomejs/cli-linux-x64-musl": ["@biomejs/cli-linux-x64-musl@2.3.1", "", { "os": "linux", "cpu": "x64" }, "sha512-Y3Ob4nqgv38Mh+6EGHltuN+Cq8aj/gyMTJYzkFZV2AEj+9XzoXB9VNljz9pjfFNHUxvLEV4b55VWyxozQTBaUQ=="],

    "@biomejs/cli-win32-arm64": ["@biomejs/cli-win32-arm64@2.3.1", "", { "os": "win32", "cpu": "arm64" }, "sha512-RHIG/zgo+69idUqVvV3n8+j58dKYABRpMyDmfWu2TITC+jwGPiEaT0Q3RKD+kQHiS80mpBrST0iUGeEXT0bU9A=="],

    "@biomejs/cli-win32-x64": ["@biomejs/cli-win32-x64@2.3.1", "", { "os": "win32", "cpu": "x64" }, "sha512-izl30JJ5Dp10mi90Eko47zhxE6pYyWPcnX1NQxKpL/yMhXxf95oLTzfpu4q+MDBh/gemNqyJEwjBpe0MT5iWPA=="],

    "@types/debug": ["@types/debug@4.1.12", "", { "dependencies": { "@types/ms": "*" } }, "sha512-vIChWdVG3LG1SMxEvI/AK+FWJthlrqlTu7fbrlywTkkaONwk/UAGaULXRlf8vkzFBLVm0zkMdCquhL5aOjhXPQ=="],

    "@types/ms": ["@types/ms@2.1.0", "", {}, "sha512-GsCCIZDE/p3i96vtEqx+7dBUGXrc7zeSK3wwPHIaRThS+9OhWIXRqzs4d6k1SVU8g91DrNRWxWUGhp5KXQb2VA=="],

    "@types/node": ["@types/node@22.18.12", "", { "dependencies": { "undici-types": "~6.21.0" } }, "sha512-BICHQ67iqxQGFSzfCFTT7MRQ5XcBjG5aeKh5Ok38UBbPe5fxTyE+aHFxwVrGyr8GNlqFMLKD1D3P2K/1ks8tog=="],

    "@types/react": ["@types/react@19.2.2", "", { "dependencies": { "csstype": "^3.0.2" } }, "sha512-6mDvHUFSjyT2B2yeNx2nUgMxh9LtOWvkhIU3uePn2I2oyNymUAX1NIsdgviM4CH+JSrp2D2hsMvJOkxY+0wNRA=="],

    "abab": ["abab@1.0.4", "", {}, "sha512-I+Wi+qiE2kUXyrRhNsWv6XsjUTBJjSoVSctKNBfLG5zG/Xe7Rjbxf13+vqYHNTwHaFU+FtSlVxOCTiMEVtPv0A=="],

    "acorn": ["acorn@2.7.0", "", { "bin": { "acorn": "./bin/acorn" } }, "sha512-pXK8ez/pVjqFdAgBkF1YPVRacuLQ9EXBKaKWaeh58WNfMkCmZhOZzu+NtKSPD5PHmCCHheQ5cD29qM1K4QTxIg=="],

    "acorn-globals": ["acorn-globals@1.0.9", "", { "dependencies": { "acorn": "^2.1.0" } }, "sha512-j3/4pkfih8W4NK22gxVSXcEonTpAHOHh0hu5BoZrKcOsW/4oBPxTi4Yk3SAj+FhC1f3+bRTkXdm4019gw1vg9g=="],

    "ajv": ["ajv@6.12.6", "", { "dependencies": { "fast-deep-equal": "^3.1.1", "fast-json-stable-stringify": "^2.0.0", "json-schema-traverse": "^0.4.1", "uri-js": "^4.2.2" } }, "sha512-j3fVLgvTo527anyYyJOGTYJbG+vnnQYvE0m5mmkc1TK+nxAppkCLMIL0aZ4dblVCNoGShhm+kzE4ZUykBoMg4g=="],

    "ansi-regex": ["ansi-regex@2.1.1", "", {}, "sha512-TIGnTpdo+E3+pCyAluZvtED5p5wCqLdezCyhPZzKPcxvFplEt4i+W7OONCKgeZFT3+y5NZZfOOS/Bdcanm1MYA=="],

    "ansi-styles": ["ansi-styles@2.2.1", "", {}, "sha512-kmCevFghRiWM7HB5zTPULl4r9bVFSWjz62MhqizDGUrq2NWuNMQyuv4tHHoKJHs69M/MF64lEcHdYIocrdWQYA=="],

    "asn1": ["asn1@0.2.6", "", { "dependencies": { "safer-buffer": "~2.1.0" } }, "sha512-ix/FxPn0MDjeyJ7i/yoHGFt/EX6LyNbxSEhPPXODPL+KB0VPk86UYfL0lMdy+KCnv+fmvIzySwaK5COwqVbWTQ=="],

    "assert-plus": ["assert-plus@1.0.0", "", {}, "sha512-NfJ4UzBCcQGLDlQq7nHxH+tv3kyZ0hHQqF5BO6J7tNJeP5do1llPr8dZ8zHonfhAu0PHAdMkSo+8o0wxg9lZWw=="],

    "asynckit": ["asynckit@0.4.0", "", {}, "sha512-Oei9OH4tRh0YqU3GxhX79dM/mwVgvbZJaSNaRk+bshkj0S5cfHcgYakreBjrHwatXKbz+IoIdYLxrKim2MjW0Q=="],

    "aws-sign2": ["aws-sign2@0.7.0", "", {}, "sha512-08kcGqnYf/YmjoRhfxyu+CLxBjUtHLXLXX/vUfx9l2LYzG3c1m61nrpyFUZI6zeS+Li/wWMMidD9KgrqtGq3mA=="],

    "aws4": ["aws4@1.13.2", "", {}, "sha512-lHe62zvbTB5eEABUVi/AwVh0ZKY9rMMDhmm+eeyuuUQbQ3+J+fONVQOZyj+DdrvD4BY33uYniyRJ4UJIaSKAfw=="],

    "babel-code-frame": ["babel-code-frame@6.26.0", "", { "dependencies": { "chalk": "^1.1.3", "esutils": "^2.0.2", "js-tokens": "^3.0.2" } }, "sha512-XqYMR2dfdGMW+hd0IUZ2PwK+fGeFkOxZJ0wY+JaQAHzt1Zx8LcvpiZD2NiGkEG8qx0CfkAOr5xt76d1e8vG90g=="],

    "babel-core": ["babel-core@6.26.3", "", { "dependencies": { "babel-code-frame": "^6.26.0", "babel-generator": "^6.26.0", "babel-helpers": "^6.24.1", "babel-messages": "^6.23.0", "babel-register": "^6.26.0", "babel-runtime": "^6.26.0", "babel-template": "^6.26.0", "babel-traverse": "^6.26.0", "babel-types": "^6.26.0", "babylon": "^6.18.0", "convert-source-map": "^1.5.1", "debug": "^2.6.9", "json5": "^0.5.1", "lodash": "^4.17.4", "minimatch": "^3.0.4", "path-is-absolute": "^1.0.1", "private": "^0.1.8", "slash": "^1.0.0", "source-map": "^0.5.7" } }, "sha512-6jyFLuDmeidKmUEb3NM+/yawG0M2bDZ9Z1qbZP59cyHLz8kYGKYwpJP0UwUKKUiTRNvxfLesJnTedqczP7cTDA=="],

    "babel-generator": ["babel-generator@6.26.1", "", { "dependencies": { "babel-messages": "^6.23.0", "babel-runtime": "^6.26.0", "babel-types": "^6.26.0", "detect-indent": "^4.0.0", "jsesc": "^1.3.0", "lodash": "^4.17.4", "source-map": "^0.5.7", "trim-right": "^1.0.1" } }, "sha512-HyfwY6ApZj7BYTcJURpM5tznulaBvyio7/0d4zFOeMPUmfxkCjHocCuoLa2SAGzBI8AREcH3eP3758F672DppA=="],

    "babel-helpers": ["babel-helpers@6.24.1", "", { "dependencies": { "babel-runtime": "^6.22.0", "babel-template": "^6.24.1" } }, "sha512-n7pFrqQm44TCYvrCDb0MqabAF+JUBq+ijBvNMUxpkLjJaAu32faIexewMumrH5KLLJ1HDyT0PTEqRyAe/GwwuQ=="],

    "babel-messages": ["babel-messages@6.23.0", "", { "dependencies": { "babel-runtime": "^6.22.0" } }, "sha512-Bl3ZiA+LjqaMtNYopA9TYE9HP1tQ+E5dLxE0XrAzcIJeK2UqF0/EaqXwBn9esd4UmTfEab+P+UYQ1GnioFIb/w=="],

    "babel-register": ["babel-register@6.26.0", "", { "dependencies": { "babel-core": "^6.26.0", "babel-runtime": "^6.26.0", "core-js": "^2.5.0", "home-or-tmp": "^2.0.0", "lodash": "^4.17.4", "mkdirp": "^0.5.1", "source-map-support": "^0.4.15" } }, "sha512-veliHlHX06wjaeY8xNITbveXSiI+ASFnOqvne/LaIJIqOWi2Ogmj91KOugEz/hoh/fwMhXNBJPCv8Xaz5CyM4A=="],

    "babel-runtime": ["babel-runtime@6.26.0", "", { "dependencies": { "core-js": "^2.4.0", "regenerator-runtime": "^0.11.0" } }, "sha512-ITKNuq2wKlW1fJg9sSW52eepoYgZBggvOAHC0u/CYu/qxQ9EVzThCgR69BnSXLHjy2f7SY5zaQ4yt7H9ZVxY2g=="],

    "babel-template": ["babel-template@6.26.0", "", { "dependencies": { "babel-runtime": "^6.26.0", "babel-traverse": "^6.26.0", "babel-types": "^6.26.0", "babylon": "^6.18.0", "lodash": "^4.17.4" } }, "sha512-PCOcLFW7/eazGUKIoqH97sO9A2UYMahsn/yRQ7uOk37iutwjq7ODtcTNF+iFDSHNfkctqsLRjLP7URnOx0T1fg=="],

    "babel-traverse": ["babel-traverse@6.26.0", "", { "dependencies": { "babel-code-frame": "^6.26.0", "babel-messages": "^6.23.0", "babel-runtime": "^6.26.0", "babel-types": "^6.26.0", "babylon": "^6.18.0", "debug": "^2.6.8", "globals": "^9.18.0", "invariant": "^2.2.2", "lodash": "^4.17.4" } }, "sha512-iSxeXx7apsjCHe9c7n8VtRXGzI2Bk1rBSOJgCCjfyXb6v1aCqE1KSEpq/8SXuVN8Ka/Rh1WDTF0MDzkvTA4MIA=="],

    "babel-types": ["babel-types@6.26.0", "", { "dependencies": { "babel-runtime": "^6.26.0", "esutils": "^2.0.2", "lodash": "^4.17.4", "to-fast-properties": "^1.0.3" } }, "sha512-zhe3V/26rCWsEZK8kZN+HaQj5yQ1CilTObixFzKW1UWjqG7618Twz6YEsCnjfg5gBcJh02DrpCkS9h98ZqDY+g=="],

    "babylon": ["babylon@6.18.0", "", { "bin": { "babylon": "./bin/babylon.js" } }, "sha512-q/UEjfGJ2Cm3oKV71DJz9d25TPnq5rhBVL2Q4fA5wcC3jcrdn7+SssEybFIxwAvvP+YCsCYNKughoF33GxgycQ=="],

    "balanced-match": ["balanced-match@1.0.2", "", {}, "sha512-3oSeUO0TMV67hN1AmbXsK4yaqU7tjiHlbxRDZOpH0KW9+CeX4bRAaX0Anxt0tx2MrpRpWwQaPwIlISEJhYU5Pw=="],

    "bcrypt-pbkdf": ["bcrypt-pbkdf@1.0.2", "", { "dependencies": { "tweetnacl": "^0.14.3" } }, "sha512-qeFIXtP4MSoi6NLqO12WfqARWWuCKi2Rn/9hJLEmtB5yTNr9DqFWkJRCf2qShWzPeAMRnOgCrq0sg/KLv5ES9w=="],

    "boolbase": ["boolbase@1.0.0", "", {}, "sha512-JZOSA7Mo9sNGB8+UjSgzdLtokWAky1zbztM3WRLCbZ70/3cTANmQmOdR7y2g+J0e2WXywy1yS468tY+IruqEww=="],

    "brace-expansion": ["brace-expansion@1.1.12", "", { "dependencies": { "balanced-match": "^1.0.0", "concat-map": "0.0.1" } }, "sha512-9T9UjW3r0UW5c1Q7GTwllptXwhvYmEzFhzMfZ9H7FQWt+uZePjZPjBP/W1ZEyZ1twGWom5/56TF4lPcqjnDHcg=="],

    "bun-types": ["bun-types@1.3.1", "", { "dependencies": { "@types/node": "*" }, "peerDependencies": { "@types/react": "^19" } }, "sha512-NMrcy7smratanWJ2mMXdpatalovtxVggkj11bScuWuiOoXTiKIu2eVS1/7qbyI/4yHedtsn175n4Sm4JcdHLXw=="],

    "caseless": ["caseless@0.12.0", "", {}, "sha512-4tYFyifaFfGacoiObjJegolkwSU4xQNGbVgUiNYVUxbQ2x2lUsFvY4hVgVzGiIe6WLOPqycWXA40l+PWsxthUw=="],

    "chalk": ["chalk@1.1.3", "", { "dependencies": { "ansi-styles": "^2.2.1", "escape-string-regexp": "^1.0.2", "has-ansi": "^2.0.0", "strip-ansi": "^3.0.0", "supports-color": "^2.0.0" } }, "sha512-U3lRVLMSlsCfjqYPbLyVv11M9CPW4I728d6TCKMAOJueEeB9/8o+eSsMnxPJD+Q+K909sdESg7C+tIkoH6on1A=="],

    "cheerio": ["cheerio@1.0.0-rc.2", "", { "dependencies": { "css-select": "~1.2.0", "dom-serializer": "~0.1.0", "entities": "~1.1.1", "htmlparser2": "^3.9.1", "lodash": "^4.15.0", "parse5": "^3.0.1" } }, "sha512-9LDHQy1jHc/eXMzPN6/oah9Qba4CjdKECC7YYEE/2zge/tsGwt19NQp5NFdfd5Lx6TZlyC5SXNQkG41P9r6XDg=="],

    "color-logger": ["color-logger@0.0.6", "", {}, "sha512-0iBj3eHRYnor8EJi3oQ1kixbr7B2Sbw1InxjsYZxS+q2H+Ii69m3ARYSJeYIqmf/QRtFhWnR1v97wp8N7ABubw=="],

    "combined-stream": ["combined-stream@1.0.8", "", { "dependencies": { "delayed-stream": "~1.0.0" } }, "sha512-FQN4MRfuJeHf7cBbBMJFXhKSDq+2kAArBlmRBvcvFE5BB1HZKXtSFASDhdlz9zOYwxh8lDdnvmMOe/+5cdoEdg=="],

    "concat-map": ["concat-map@0.0.1", "", {}, "sha512-/Srv4dswyQNBfohGpz9o6Yb3Gz3SrUDqBH5rTuhGR7ahtlbYKnVxw2bCFMRljaA7EXHaXZ8wsHdodFvbkhKmqg=="],

    "convert-source-map": ["convert-source-map@1.9.0", "", {}, "sha512-ASFBup0Mz1uyiIjANan1jzLQami9z1PoYSZCiiYW2FczPbenXc45FZdBZLzOT+r6+iciuEModtmCti+hjaAk0A=="],

    "core-js": ["core-js@2.6.12", "", {}, "sha512-Kb2wC0fvsWfQrgk8HU5lW6U/Lcs8+9aaYcy4ZFc6DDlo4nZ7n70dEgE5rtR0oG6ufKDUnrwfWL1mXR5ljDatrQ=="],

    "core-util-is": ["core-util-is@1.0.3", "", {}, "sha512-ZQBvi1DcpJ4GDqanjucZ2Hj3wEO5pZDS89BWbkcrvdxksJorwUDDZamX9ldFkp9aw2lmBDLgkObEA4DWNJ9FYQ=="],

    "css-select": ["css-select@1.2.0", "", { "dependencies": { "boolbase": "~1.0.0", "css-what": "2.1", "domutils": "1.5.1", "nth-check": "~1.0.1" } }, "sha512-dUQOBoqdR7QwV90WysXPLXG5LO7nhYBgiWVfxF80DKPF8zx1t/pUd2FYy73emg3zrjtM6dzmYgbHKfV2rxiHQA=="],

    "css-what": ["css-what@2.1.3", "", {}, "sha512-a+EPoD+uZiNfh+5fxw2nO9QwFa6nJe2Or35fGY6Ipw1R3R4AGz1d1TEZrCegvw2YTmZ0jXirGYlzxxpYSHwpEg=="],

    "cssom": ["cssom@0.3.8", "", {}, "sha512-b0tGHbfegbhPJpxpiBPU2sCkigAqtM9O121le6bbOlgyV+NyGyCmVfJ6QW9eRjz8CpNfWEOYBIMIGRYkLwsIYg=="],

    "cssstyle": ["cssstyle@0.2.37", "", { "dependencies": { "cssom": "0.3.x" } }, "sha512-FUpKc+1FNBsHUr9IsfSGCovr8VuGOiiuzlgCyppKBjJi2jYTOFLN3oiiNRMIvYqbFzF38mqKj4BgcevzU5/kIA=="],

    "csstype": ["csstype@3.1.3", "", {}, "sha512-M1uQkMl8rQK/szD0LNhtqxIPLpimGm8sOBwU7lLnCpSbTyY3yeU1Vc7l4KT5zT4s/yOxHH5O7tIuuLOCnLADRw=="],

    "dashdash": ["dashdash@1.14.1", "", { "dependencies": { "assert-plus": "^1.0.0" } }, "sha512-jRFi8UDGo6j+odZiEpjazZaWqEal3w/basFjQHQEwVtZJGDpxbH1MeYluwCS8Xq5wmLJooDlMgvVarmWfGM44g=="],

    "debug": ["debug@4.4.3", "", { "dependencies": { "ms": "^2.1.3" } }, "sha512-RGwwWnwQvkVfavKVt22FGLw+xYSdzARwm0ru6DhTVA3umU5hZc28V3kO4stgYryrTlLpuvgI9GiijltAjNbcqA=="],

    "deep-is": ["deep-is@0.1.4", "", {}, "sha512-oIPzksmTg4/MriiaYGO+okXDT7ztn/w3Eptv/+gSIdMdKsJo0u4CfYNFJPy+4SKMuCqGw2wxnA+URMg3t8a/bQ=="],

    "delayed-stream": ["delayed-stream@1.0.0", "", {}, "sha512-ZySD7Nf91aLB0RxL4KGrKHBXl7Eds1DAmEdcoVawXnLD7SDhpNgtuII2aAkg7a7QS41jxPSZ17p4VdGnMHk3MQ=="],

    "detect-indent": ["detect-indent@4.0.0", "", { "dependencies": { "repeating": "^2.0.0" } }, "sha512-BDKtmHlOzwI7iRuEkhzsnPoi5ypEhWAJB5RvHWe1kMr06js3uK5B3734i3ui5Yd+wOJV1cpE4JnivPD283GU/A=="],

    "dom-serializer": ["dom-serializer@0.1.1", "", { "dependencies": { "domelementtype": "^1.3.0", "entities": "^1.1.1" } }, "sha512-l0IU0pPzLWSHBcieZbpOKgkIn3ts3vAh7ZuFyXNwJxJXk/c4Gwj9xaTJwIDVQCXawWD0qb3IzMGH5rglQaO0XA=="],

    "domelementtype": ["domelementtype@1.3.1", "", {}, "sha512-BSKB+TSpMpFI/HOxCNr1O8aMOTZ8hT3pM3GQ0w/mWRmkhEDSFJkkyzz4XQsBV44BChwGkrDfMyjVD0eA2aFV3w=="],

    "domhandler": ["domhandler@2.4.2", "", { "dependencies": { "domelementtype": "1" } }, "sha512-JiK04h0Ht5u/80fdLMCEmV4zkNh2BcoMFBmZ/91WtYZ8qVXSKjiw7fXMgFPnHcSZgOo3XdinHvmnDUeMf5R4wA=="],

    "domutils": ["domutils@1.5.1", "", { "dependencies": { "dom-serializer": "0", "domelementtype": "1" } }, "sha512-gSu5Oi/I+3wDENBsOWBiRK1eoGxcywYSqg3rR960/+EfY0CF4EX1VPkgHOZ3WiS/Jg2DtliF6BhWcHlfpYUcGw=="],

    "ecc-jsbn": ["ecc-jsbn@0.1.2", "", { "dependencies": { "jsbn": "~0.1.0", "safer-buffer": "^2.1.0" } }, "sha512-eh9O+hwRHNbG4BLTjEl3nw044CkGm5X6LoaCf7LPp7UU8Qrt47JYNi6nPX8xjW97TKGKm1ouctg0QSpZe9qrnw=="],

    "entities": ["entities@1.1.2", "", {}, "sha512-f2LZMYl1Fzu7YSBKg+RoROelpOaNrcGmE9AZubeDfrCEia483oW4MI4VyFd5VNHIgQ/7qm1I0wUHK1eJnn2y2w=="],

    "escape-html": ["escape-html@1.0.3", "", {}, "sha512-NiSupZ4OeuGwr68lGIeym/ksIZMJodUGOSCZ/FSnTxcrekbvqrgdUxlJOMpijaKZVjAJrWrGs/6Jy8OMuyj9ow=="],

    "escape-string-regexp": ["escape-string-regexp@1.0.5", "", {}, "sha512-vbRorB5FUQWvla16U8R/qgaFIya2qGzwDrNmCZuYKrbdSUMG6I1ZCGQRefkRVhuOkIGVne7BQ35DSfo1qvJqFg=="],

    "escodegen": ["escodegen@1.14.3", "", { "dependencies": { "esprima": "^4.0.1", "estraverse": "^4.2.0", "esutils": "^2.0.2", "optionator": "^0.8.1" }, "optionalDependencies": { "source-map": "~0.6.1" }, "bin": { "esgenerate": "bin/esgenerate.js", "escodegen": "bin/escodegen.js" } }, "sha512-qFcX0XJkdg+PB3xjZZG/wKSuT1PnQWx57+TVSjIMmILd2yC/6ByYElPwJnslDsuWuSAp4AwJGumarAAmJch5Kw=="],

    "esdoc": ["esdoc@1.1.0", "", { "dependencies": { "babel-generator": "6.26.1", "babel-traverse": "6.26.0", "babylon": "6.18.0", "cheerio": "1.0.0-rc.2", "color-logger": "0.0.6", "escape-html": "1.0.3", "fs-extra": "5.0.0", "ice-cap": "0.0.4", "marked": "0.3.19", "minimist": "1.2.0", "taffydb": "2.7.3" }, "bin": { "esdoc": "out/src/ESDocCLI.js" } }, "sha512-vsUcp52XJkOWg9m1vDYplGZN2iDzvmjDL5M/Mp8qkoDG3p2s0yIQCIjKR5wfPBaM3eV14a6zhQNYiNTCVzPnxA=="],

    "esdoc-es7-plugin": ["esdoc-es7-plugin@0.0.3", "", { "dependencies": { "babylon": "5.8.20", "core-js": "1.0.1", "estraverse": "4.1.0" } }, "sha512-2Ztev0mX/xLCBKJ5Aez0VjBcd3O9UUAJ0lSpperceJ/xii9elfr7xkOPYZkbnwr8HI102t97tptDfxJkI1Ogbg=="],

    "esdoc-plugin-async-to-sync": ["esdoc-plugin-async-to-sync@0.5.0", "", { "dependencies": { "lodash": "^3.10.1" } }, "sha512-gQiz9R3veIqmAHkSZR0+2SdAiSRxsg2WmRE+i4Q9ul3EUewIalYgaYlJ1htFiGuT+qL3hqBcj8rdpsj6z9u/dQ=="],

    "esprima": ["esprima@4.0.1", "", { "bin": { "esparse": "./bin/esparse.js", "esvalidate": "./bin/esvalidate.js" } }, "sha512-eGuFFw7Upda+g4p+QHvnW0RyTX/SVeJBDM/gCtMARO0cLuT2HcEKnTPvhjV6aGeqrCB/sbNop0Kszm0jsaWU4A=="],

    "estraverse": ["estraverse@4.1.0", "", {}, "sha512-oczetKWPj5mF6hd8/g9tvdUtGHsJdTVwRYRpLVy68CCoJGVE2uWKfmjHEVzx7SEuDGFaUlYbaecePMlC7pVaIQ=="],

    "esutils": ["esutils@2.0.3", "", {}, "sha512-kVscqXk4OCp68SZ0dkgEKVi6/8ij300KBWTJq32P/dYeWTSwK41WyTxalN1eRmA5Z9UU/LX9D7FWSmV9SAYx6g=="],

    "extend": ["extend@3.0.2", "", {}, "sha512-fjquC59cD7CyW6urNXK0FBufkZcoiGG80wTuPujX590cB5Ttln20E2UB4S/WARVqhXffZl2LNgS+gQdPIIim/g=="],

    "extsprintf": ["extsprintf@1.3.0", "", {}, "sha512-11Ndz7Nv+mvAC1j0ktTa7fAb0vLyGGX+rMHNBYQviQDGU0Hw7lhctJANqbPhu9nV9/izT/IntTgZ7Im/9LJs9g=="],

    "fast-deep-equal": ["fast-deep-equal@3.1.3", "", {}, "sha512-f3qQ9oQy9j2AhBe/H9VC91wLmKBCCU/gDOnKNAYG5hswO7BLKj09Hc5HYNz9cGI++xlpDCIgDaitVs03ATR84Q=="],

    "fast-json-stable-stringify": ["fast-json-stable-stringify@2.1.0", "", {}, "sha512-lhd/wF+Lk98HZoTCtlVraHtfh5XYijIjalXck7saUtuanSDyLMxnHhSXEDJqHxD7msR8D0uCmqlkwjCV8xvwHw=="],

    "fast-levenshtein": ["fast-levenshtein@2.0.6", "", {}, "sha512-DCXu6Ifhqcks7TZKY3Hxp3y6qphY5SJZmrWMDrKcERSOXWQdMhU9Ig/PYrzyw/ul9jOIyh0N4M0tbC5hodg8dw=="],

    "forever-agent": ["forever-agent@0.6.1", "", {}, "sha512-j0KLYPhm6zeac4lz3oJ3o65qvgQCcPubiyotZrXqEaG4hNagNYO8qdlUrX5vwqv9ohqeT/Z3j6+yW067yWWdUw=="],

    "form-data": ["form-data@2.3.3", "", { "dependencies": { "asynckit": "^0.4.0", "combined-stream": "^1.0.6", "mime-types": "^2.1.12" } }, "sha512-1lLKB2Mu3aGP1Q/2eCOx0fNbRMe7XdwktwOruhfqqd0rIJWwN4Dh+E3hrPSlDCXnSR7UtZ1N38rVXm+6+MEhJQ=="],

    "fs-extra": ["fs-extra@5.0.0", "", { "dependencies": { "graceful-fs": "^4.1.2", "jsonfile": "^4.0.0", "universalify": "^0.1.0" } }, "sha512-66Pm4RYbjzdyeuqudYqhFiNBbCIuI9kgRqLPSHIlXHidW8NIQtVdkM1yeZ4lXwuhbTETv3EUGMNHAAw6hiundQ=="],

    "getpass": ["getpass@0.1.7", "", { "dependencies": { "assert-plus": "^1.0.0" } }, "sha512-0fzj9JxOLfJ+XGLhR8ze3unN0KZCgZwiSSDz168VERjK8Wl8kVSdcu2kspd4s4wtAa1y/qrVRiAA0WclVsu0ng=="],

    "globals": ["globals@9.18.0", "", {}, "sha512-S0nG3CLEQiY/ILxqtztTWH/3iRRdyBLw6KMDxnKMchrtbj2OFmehVh0WUCfW3DUrIgx/qFrJPICrq4Z4sTR9UQ=="],

    "graceful-fs": ["graceful-fs@4.2.11", "", {}, "sha512-RbJ5/jmFcNNCcDV5o9eTnBLJ/HszWV0P73bc+Ff4nS/rJj+YaS6IGyiOL0VoBYX+l1Wrl3k63h/KrH+nhJ0XvQ=="],

    "har-schema": ["har-schema@2.0.0", "", {}, "sha512-Oqluz6zhGX8cyRaTQlFMPw80bSJVG2x/cFb8ZPhUILGgHka9SsokCCOQgpveePerqidZOrT14ipqfJb7ILcW5Q=="],

    "har-validator": ["har-validator@5.1.5", "", { "dependencies": { "ajv": "^6.12.3", "har-schema": "^2.0.0" } }, "sha512-nmT2T0lljbxdQZfspsno9hgrG3Uir6Ks5afism62poxqBM6sDnMEuPmzTq8XN0OEwqKLLdh1jQI3qyE66Nzb3w=="],

    "has-ansi": ["has-ansi@2.0.0", "", { "dependencies": { "ansi-regex": "^2.0.0" } }, "sha512-C8vBJ8DwUCx19vhm7urhTuUsr4/IyP6l4VzNQDv+ryHQObW3TTTp9yB68WpYgRe2bbaGuZ/se74IqFeVnMnLZg=="],

    "home-or-tmp": ["home-or-tmp@2.0.0", "", { "dependencies": { "os-homedir": "^1.0.0", "os-tmpdir": "^1.0.1" } }, "sha512-ycURW7oUxE2sNiPVw1HVEFsW+ecOpJ5zaj7eC0RlwhibhRBod20muUN8qu/gzx956YrLolVvs1MTXwKgC2rVEg=="],

    "htmlparser2": ["htmlparser2@3.10.1", "", { "dependencies": { "domelementtype": "^1.3.1", "domhandler": "^2.3.0", "domutils": "^1.5.1", "entities": "^1.1.1", "inherits": "^2.0.1", "readable-stream": "^3.1.1" } }, "sha512-IgieNijUMbkDovyoKObU1DUhm1iwNYE/fuifEoEHfd1oZKZDaONBSkal7Y01shxsM49R4XaMdGez3WnF9UfiCQ=="],

    "http-signature": ["http-signature@1.2.0", "", { "dependencies": { "assert-plus": "^1.0.0", "jsprim": "^1.2.2", "sshpk": "^1.7.0" } }, "sha512-CAbnr6Rz4CYQkLYUtSNXxQPUH2gK8f3iWexVlsnMeD+GjlsQ0Xsy1cOX+mN3dtxYomRy21CiOzU8Uhw6OwncEQ=="],

    "ice-cap": ["ice-cap@0.0.4", "", { "dependencies": { "cheerio": "0.20.0", "color-logger": "0.0.3" } }, "sha512-39ZblYEKlqj7LHgLkUcVk7zcJp772lOVQAUhN6QyY88w8/4bn5SgDeU2020yzHosf+uKPuCFK1UQ36gyBNiraw=="],

    "inherits": ["inherits@2.0.4", "", {}, "sha512-k/vGaX4/Yla3WzyMCvTQOXYeIHvqOKtnqBduzTHpzpQZzAskKMhZ2K+EnBiSM9zGSoIFeMpXKxa4dYeZIQqewQ=="],

    "invariant": ["invariant@2.2.4", "", { "dependencies": { "loose-envify": "^1.0.0" } }, "sha512-phJfQVBuaJM5raOpJjSfkiD6BpbCE4Ns//LaXl6wGYtUBY83nWS6Rf9tXm2e8VaK60JEjYldbPif/A2B1C2gNA=="],

    "is-finite": ["is-finite@1.1.0", "", {}, "sha512-cdyMtqX/BOqqNBBiKlIVkytNHm49MtMlYyn1zxzvJKWmFMlGzm+ry5BBfYyeY9YmNKbRSo/o7OX9w9ale0wg3w=="],

    "is-typedarray": ["is-typedarray@1.0.0", "", {}, "sha512-cyA56iCMHAh5CdzjJIa4aohJyeO1YbwLi3Jc35MmRU6poroFjIGZzUzupGiRPOjgHg9TLu43xbpwXk523fMxKA=="],

    "isarray": ["isarray@0.0.1", "", {}, "sha512-D2S+3GLxWH+uhrNEcoh/fnmYeP8E8/zHl644d/jdA0g2uyXvy3sb0qxotE+ne0LtccHknQzWwZEzhak7oJ0COQ=="],

    "isstream": ["isstream@0.1.2", "", {}, "sha512-Yljz7ffyPbrLpLngrMtZ7NduUgVvi6wG9RJ9IUcyCd59YQ911PBJphODUcbOVbqYfxe1wuYf/LJ8PauMRwsM/g=="],

    "js-tokens": ["js-tokens@3.0.2", "", {}, "sha512-RjTcuD4xjtthQkaWH7dFlH85L+QaVtSoOyGdZ3g6HFhS9dFNDfLyqgm2NFe2X6cQpeFmt0452FJjFG5UameExg=="],

    "jsbn": ["jsbn@0.1.1", "", {}, "sha512-UVU9dibq2JcFWxQPA6KCqj5O42VOmAY3zQUfEKxU0KpTGXwNoCjkX1e13eHNvw/xPynt6pU0rZ1htjWTNTSXsg=="],

    "jsdom": ["jsdom@7.2.2", "", { "dependencies": { "abab": "^1.0.0", "acorn": "^2.4.0", "acorn-globals": "^1.0.4", "cssom": ">= 0.3.0 < 0.4.0", "cssstyle": ">= 0.2.29 < 0.3.0", "escodegen": "^1.6.1", "nwmatcher": ">= 1.3.7 < 2.0.0", "parse5": "^1.5.1", "request": "^2.55.0", "sax": "^1.1.4", "symbol-tree": ">= 3.1.0 < 4.0.0", "tough-cookie": "^2.2.0", "webidl-conversions": "^2.0.0", "whatwg-url-compat": "~0.6.5", "xml-name-validator": ">= 2.0.1 < 3.0.0" } }, "sha512-kYeYuos/pYp0V/V8VAoGnUc0va0UZjTjwCsldBFZNBrOi9Q5kUXrvsw6W5/lQllB7hKXBARC4HRk1Sfk4dPFtA=="],

    "jsesc": ["jsesc@1.3.0", "", { "bin": { "jsesc": "bin/jsesc" } }, "sha512-Mke0DA0QjUWuJlhsE0ZPPhYiJkRap642SmI/4ztCFaUs6V2AiH1sfecc+57NgaryfAA2VR3v6O+CSjC1jZJKOA=="],

    "json-schema": ["json-schema@0.4.0", "", {}, "sha512-es94M3nTIfsEPisRafak+HDLfHXnKBhV3vU5eqPcS3flIWqcxJWgXHXiey3YrpaNsanY5ei1VoYEbOzijuq9BA=="],

    "json-schema-traverse": ["json-schema-traverse@0.4.1", "", {}, "sha512-xbbCH5dCYU5T8LcEhhuh7HJ88HXuW3qsI3Y0zOZFKfZEHcpWiHU/Jxzk629Brsab/mMiHQti9wMP+845RPe3Vg=="],

    "json-stringify-safe": ["json-stringify-safe@5.0.1", "", {}, "sha512-ZClg6AaYvamvYEE82d3Iyd3vSSIjQ+odgjaTzRuO3s7toCdFKczob2i0zCh7JE8kWn17yvAWhUVxvqGwUalsRA=="],

    "json5": ["json5@0.5.1", "", { "bin": { "json5": "lib/cli.js" } }, "sha512-4xrs1aW+6N5DalkqSVA8fxh458CXvR99WU8WLKmq4v8eWAL86Xo3BVqyd3SkA9wEVjCMqyvvRRkshAdOnBp5rw=="],

    "jsonfile": ["jsonfile@4.0.0", "", { "optionalDependencies": { "graceful-fs": "^4.1.6" } }, "sha512-m6F1R3z8jjlf2imQHS2Qez5sjKWQzbuuhuJ/FKYFRZvPE3PuHcSMVZzfsLhGVOkfd20obL5SWEBew5ShlquNxg=="],

    "jsprim": ["jsprim@1.4.2", "", { "dependencies": { "assert-plus": "1.0.0", "extsprintf": "1.3.0", "json-schema": "0.4.0", "verror": "1.10.0" } }, "sha512-P2bSOMAc/ciLz6DzgjVlGJP9+BrJWu5UDGK70C2iweC5QBIeFf0ZXRvGjEj2uYgrY2MkAAhsSWHDWlFtEroZWw=="],

    "levn": ["levn@0.3.0", "", { "dependencies": { "prelude-ls": "~1.1.2", "type-check": "~0.3.2" } }, "sha512-0OO4y2iOHix2W6ujICbKIaEQXvFQHue65vUG3pb5EUomzPI90z9hsA1VsO/dbIIpC53J8gxM9Q4Oho0jrCM/yA=="],

    "lodash": ["lodash@4.17.21", "", {}, "sha512-v2kDEe57lecTulaDIuNTPy3Ry4gLGJ6Z1O3vE1krgXZNrsQ+LFTGHVxVjcXPs17LhbZVGedAJv8XZ1tvj5FvSg=="],

    "loose-envify": ["loose-envify@1.4.0", "", { "dependencies": { "js-tokens": "^3.0.0 || ^4.0.0" }, "bin": { "loose-envify": "cli.js" } }, "sha512-lyuxPGr/Wfhrlem2CL/UcnUc1zcqKAImBDzukY7Y5F/yQiNdko6+fRLevlw1HgMySw7f611UIY408EtxRSoK3Q=="],

    "marked": ["marked@0.5.2", "", { "bin": { "marked": "./bin/marked" } }, "sha512-fdZvBa7/vSQIZCi4uuwo2N3q+7jJURpMVCcbaX0S1Mg65WZ5ilXvC67MviJAsdjqqgD+CEq4RKo5AYGgINkVAA=="],

    "mime-db": ["mime-db@1.52.0", "", {}, "sha512-sPU4uV7dYlvtWJxwwxHD0PuihVNiE7TyAbQ5SWxDCB9mUYvOgroQOwYQQOKPJ8CIbE+1ETVlOoK1UC2nU3gYvg=="],

    "mime-types": ["mime-types@2.1.35", "", { "dependencies": { "mime-db": "1.52.0" } }, "sha512-ZDY+bPm5zTTF+YpCrAU9nK0UgICYPT0QtT1NZWFv4s++TNkcgVaT0g6+4R2uI4MjQjzysHB1zxuWL50hzaeXiw=="],

    "minimatch": ["minimatch@3.1.2", "", { "dependencies": { "brace-expansion": "^1.1.7" } }, "sha512-J7p63hRiAjw1NDEww1W7i37+ByIrOWO5XQQAzZ3VOcL0PNybwpfmV/N05zFAzwQ9USyEcX6t3UO+K5aqBQOIHw=="],

    "minimist": ["minimist@1.2.0", "", {}, "sha512-7Wl+Jz+IGWuSdgsQEJ4JunV0si/iMhg42MnQQG6h1R6TNeVenp4U9x5CC5v/gYqz/fENLQITAWXidNtVL0NNbw=="],

    "mkdirp": ["mkdirp@0.5.6", "", { "dependencies": { "minimist": "^1.2.6" }, "bin": { "mkdirp": "bin/cmd.js" } }, "sha512-FP+p8RB8OWpF3YZBCrP5gtADmtXApB5AMLn+vdyA+PyxCjrCs00mjyUozssO33cwDeT3wNGdLxJ5M//YqtHAJw=="],

    "ms": ["ms@2.1.3", "", {}, "sha512-6FlzubTLZG3J2a/NVCAleEhjzq5oxgHyaCU9yYXvcLsvoVaHJq/s5xXI6/XXP6tz7R9xAOtHnSO/tXtF3WRTlA=="],

    "nth-check": ["nth-check@1.0.2", "", { "dependencies": { "boolbase": "~1.0.0" } }, "sha512-WeBOdju8SnzPN5vTUJYxYUxLeXpCaVP5i5e0LF8fg7WORF2Wd7wFX/pk0tYZk7s8T+J7VLy0Da6J1+wCT0AtHg=="],

    "nwmatcher": ["nwmatcher@1.4.4", "", {}, "sha512-3iuY4N5dhgMpCUrOVnuAdGrgxVqV2cJpM+XNccjR2DKOB1RUP0aA+wGXEiNziG/UKboFyGBIoKOaNlJxx8bciQ=="],

    "oauth-sign": ["oauth-sign@0.9.0", "", {}, "sha512-fexhUFFPTGV8ybAtSIGbV6gOkSv8UtRbDBnAyLQw4QPKkgNlsH2ByPGtMUqdWkos6YCRmAqViwgZrJc/mRDzZQ=="],

    "optionator": ["optionator@0.8.3", "", { "dependencies": { "deep-is": "~0.1.3", "fast-levenshtein": "~2.0.6", "levn": "~0.3.0", "prelude-ls": "~1.1.2", "type-check": "~0.3.2", "word-wrap": "~1.2.3" } }, "sha512-+IW9pACdk3XWmmTXG8m3upGUJst5XRGzxMRjXzAuJ1XnIFNvfhjjIuYkDvysnPQ7qzqVzLt78BCruntqRhWQbA=="],

    "os-homedir": ["os-homedir@1.0.2", "", {}, "sha512-B5JU3cabzk8c67mRRd3ECmROafjYMXbuzlwtqdM8IbS8ktlTix8aFGb2bAGKrSRIlnfKwovGUUr72JUPyOb6kQ=="],

    "os-tmpdir": ["os-tmpdir@1.0.2", "", {}, "sha512-D2FR03Vir7FIu45XBY20mTb+/ZSWB00sjU9jdQXt83gDrI4Ztz5Fs7/yy74g2N5SVQY4xY1qDr4rNddwYRVX0g=="],

    "parse5": ["parse5@3.0.3", "", { "dependencies": { "@types/node": "*" } }, "sha512-rgO9Zg5LLLkfJF9E6CCmXlSE4UVceloys8JrFqCcHloC3usd/kJCyPDwH2SOlzix2j3xaP9sUX3e8+kvkuleAA=="],

    "path-is-absolute": ["path-is-absolute@1.0.1", "", {}, "sha512-AVbw3UJ2e9bq64vSaS9Am0fje1Pa8pbGqTTsmXfaIiMpnr5DlDhfJOuLj9Sf95ZPVDAUerDfEk88MPmPe7UCQg=="],

    "performance-now": ["performance-now@2.1.0", "", {}, "sha512-7EAHlyLHI56VEIdK57uwHdHKIaAGbnXPiw0yWbarQZOKaKpvUIgW0jWRVLiatnM+XXlSwsanIBH/hzGMJulMow=="],

    "prelude-ls": ["prelude-ls@1.1.2", "", {}, "sha512-ESF23V4SKG6lVSGZgYNpbsiaAkdab6ZgOxe52p7+Kid3W3u3bxR4Vfd/o21dmN7jSt0IwgZ4v5MUd26FEtXE9w=="],

    "private": ["private@0.1.8", "", {}, "sha512-VvivMrbvd2nKkiG38qjULzlc+4Vx4wm/whI9pQD35YrARNnhxeiRktSOhSukRLFNlzg6Br/cJPet5J/u19r/mg=="],

    "psl": ["psl@1.15.0", "", { "dependencies": { "punycode": "^2.3.1" } }, "sha512-JZd3gMVBAVQkSs6HdNZo9Sdo0LNcQeMNP3CozBJb3JYC/QUYZTnKxP+f8oWRX4rHP5EurWxqAHTSwUCjlNKa1w=="],

    "punycode": ["punycode@2.3.1", "", {}, "sha512-vYt7UD1U9Wg6138shLtLOvdAu+8DsC/ilFtEVHcH+wydcSpNE20AfSOduf6MkRFahL5FY7X1oU7nKVZFtfq8Fg=="],

    "qs": ["qs@6.5.3", "", {}, "sha512-qxXIEh4pCGfHICj1mAJQ2/2XVZkjCDTcEgfoSQxc/fYivUZxTkk7L3bDBJSoNrEzXI17oUO5Dp07ktqE5KzczA=="],

    "readable-stream": ["readable-stream@3.6.2", "", { "dependencies": { "inherits": "^2.0.3", "string_decoder": "^1.1.1", "util-deprecate": "^1.0.1" } }, "sha512-9u/sniCrY3D5WdsERHzHE4G2YCXqoG5FTHUiCC4SIbr6XcLZBY05ya9EKjYek9O5xOAwjGq+1JdGBAS7Q9ScoA=="],

    "regenerator-runtime": ["regenerator-runtime@0.11.1", "", {}, "sha512-MguG95oij0fC3QV3URf4V2SDYGJhJnJGqvIIgdECeODCT98wSWDAJ94SSuVpYQUoTcGUIL6L4yNB7j1DFFHSBg=="],

    "repeating": ["repeating@2.0.1", "", { "dependencies": { "is-finite": "^1.0.0" } }, "sha512-ZqtSMuVybkISo2OWvqvm7iHSWngvdaW3IpsT9/uP8v4gMi591LY6h35wdOfvQdWCKFWZWm2Y1Opp4kV7vQKT6A=="],

    "request": ["request@2.88.2", "", { "dependencies": { "aws-sign2": "~0.7.0", "aws4": "^1.8.0", "caseless": "~0.12.0", "combined-stream": "~1.0.6", "extend": "~3.0.2", "forever-agent": "~0.6.1", "form-data": "~2.3.2", "har-validator": "~5.1.3", "http-signature": "~1.2.0", "is-typedarray": "~1.0.0", "isstream": "~0.1.2", "json-stringify-safe": "~5.0.1", "mime-types": "~2.1.19", "oauth-sign": "~0.9.0", "performance-now": "^2.1.0", "qs": "~6.5.2", "safe-buffer": "^5.1.2", "tough-cookie": "~2.5.0", "tunnel-agent": "^0.6.0", "uuid": "^3.3.2" } }, "sha512-MsvtOrfG9ZcrOwAW+Qi+F6HbD0CWXEh9ou77uOb7FM2WPhwT7smM833PzanhJLsgXjN89Ir6V2PczXNnMpwKhw=="],

    "rxjs": ["rxjs@7.8.2", "", { "dependencies": { "tslib": "^2.1.0" } }, "sha512-dhKf903U/PQZY6boNNtAGdWbG85WAbjT/1xYoZIC7FAY0yWapOBQVsVrDl58W86//e1VpMNBtRV4MaXfdMySFA=="],

    "safe-buffer": ["safe-buffer@5.2.1", "", {}, "sha512-rp3So07KcdmmKbGvgaNxQSJr7bGVSVk5S9Eq1F+ppbRo70+YeaDxkw5Dd8NPN+GD6bjnYm2VuPuCXmpuYvmCXQ=="],

    "safer-buffer": ["safer-buffer@2.1.2", "", {}, "sha512-YZo3K82SD7Riyi0E1EQPojLz7kpepnSQI9IyPbHHg1XXXevb5dJI7tpyN2ADxGcQbHG7vcyRHk0cbwqcQriUtg=="],

    "sax": ["sax@1.4.1", "", {}, "sha512-+aWOz7yVScEGoKNd4PA10LZ8sk0A/z5+nXQG5giUO5rprX9jgYsTdov9qCchZiPIZezbZH+jRut8nPodFAX4Jg=="],

    "slash": ["slash@1.0.0", "", {}, "sha512-3TYDR7xWt4dIqV2JauJr+EJeW356RXijHeUlO+8djJ+uBXPn8/2dpzBc8yQhh583sVvc9CvFAeQVgijsH+PNNg=="],

    "source-map": ["source-map@0.5.7", "", {}, "sha512-LbrmJOMUSdEVxIKvdcJzQC+nQhe8FUZQTXQy6+I75skNgn3OoQ0DZA8YnFa7gp8tqtL3KPf1kmo0R5DoApeSGQ=="],

    "source-map-support": ["source-map-support@0.4.18", "", { "dependencies": { "source-map": "^0.5.6" } }, "sha512-try0/JqxPLF9nOjvSta7tVondkP5dwgyLDjVoyMDlmjugT2lRZ1OfsrYTkCd2hkDnJTKRbO/Rl3orm8vlsUzbA=="],

    "sshpk": ["sshpk@1.18.0", "", { "dependencies": { "asn1": "~0.2.3", "assert-plus": "^1.0.0", "bcrypt-pbkdf": "^1.0.0", "dashdash": "^1.12.0", "ecc-jsbn": "~0.1.1", "getpass": "^0.1.1", "jsbn": "~0.1.0", "safer-buffer": "^2.0.2", "tweetnacl": "~0.14.0" }, "bin": { "sshpk-conv": "bin/sshpk-conv", "sshpk-sign": "bin/sshpk-sign", "sshpk-verify": "bin/sshpk-verify" } }, "sha512-2p2KJZTSqQ/I3+HX42EpYOa2l3f8Erv8MWKsy2I9uf4wA7yFIkXRffYdsx86y6z4vHtV8u7g+pPlr8/4ouAxsQ=="],

    "string_decoder": ["string_decoder@1.3.0", "", { "dependencies": { "safe-buffer": "~5.2.0" } }, "sha512-hkRX8U1WjJFd8LsDJ2yQ/wWWxaopEsABU1XfkM8A+j0+85JAGppt16cr1Whg6KIbb4okU6Mql6BOj+uup/wKeA=="],

    "strip-ansi": ["strip-ansi@3.0.1", "", { "dependencies": { "ansi-regex": "^2.0.0" } }, "sha512-VhumSSbBqDTP8p2ZLKj40UjBCV4+v8bUSEpUb4KjRgWk9pbqGF4REFj6KEagidb2f/M6AzC0EmFyDNGaw9OCzg=="],

    "supports-color": ["supports-color@2.0.0", "", {}, "sha512-KKNVtd6pCYgPIKU4cp2733HWYCpplQhddZLBUryaAHou723x+FRzQ5Df824Fj+IyyuiQTRoub4SnIFfIcrp70g=="],

    "symbol-tree": ["symbol-tree@3.2.4", "", {}, "sha512-9QNk5KwDF+Bvz+PyObkmSYjI5ksVUYtjW7AU22r2NKcfLJcXp96hkDWU3+XndOsUb+AQ9QhfzfCT2O+CNWT5Tw=="],

    "taffydb": ["taffydb@2.7.3", "", {}, "sha512-GQ3gtYFSOAxSMN/apGtDKKkbJf+8izz5YfbGqIsUc7AMiQOapARZ76dhilRY2h39cynYxBFdafQo5HUL5vgkrg=="],

    "to-fast-properties": ["to-fast-properties@1.0.3", "", {}, "sha512-lxrWP8ejsq+7E3nNjwYmUBMAgjMTZoTI+sdBOpvNyijeDLa29LUn9QaoXAHv4+Z578hbmHHJKZknzxVtvo77og=="],

    "tough-cookie": ["tough-cookie@2.5.0", "", { "dependencies": { "psl": "^1.1.28", "punycode": "^2.1.1" } }, "sha512-nlLsUzgm1kfLXSXfRZMc1KLAugd4hqJHDTvc2hDIwS3mZAfMEuMbc03SujMF+GEcpaX/qboeycw6iO8JwVv2+g=="],

    "tr46": ["tr46@0.0.3", "", {}, "sha512-N3WMsuqV66lT30CrXNbEjx4GEwlow3v6rr4mCcv6prnfwhS01rkgyFdjPNBYd9br7LpXV1+Emh01fHnq2Gdgrw=="],

    "trim-right": ["trim-right@1.0.1", "", {}, "sha512-WZGXGstmCWgeevgTL54hrCuw1dyMQIzWy7ZfqRJfSmJZBwklI15egmQytFP6bPidmw3M8d5yEowl1niq4vmqZw=="],

    "tslib": ["tslib@2.8.1", "", {}, "sha512-oJFu94HQb+KVduSUQL7wnpmqnfmLsOA/nAh6b6EH0wCEoK0/mPeXU6c3wKDV83MkOuHPRHtSXKKU99IBazS/2w=="],

    "tunnel-agent": ["tunnel-agent@0.6.0", "", { "dependencies": { "safe-buffer": "^5.0.1" } }, "sha512-McnNiV1l8RYeY8tBgEpuodCC1mLUdbSN+CYBL7kJsJNInOP8UjDDEwdk6Mw60vdLLrr5NHKZhMAOSrR2NZuQ+w=="],

    "tweetnacl": ["tweetnacl@0.14.5", "", {}, "sha512-KXXFFdAbFXY4geFIwoyNK+f5Z1b7swfXABfL7HXCmoIWMKU3dmS26672A4EeQtDzLKy7SXmfBu51JolvEKwtGA=="],

    "type-check": ["type-check@0.3.2", "", { "dependencies": { "prelude-ls": "~1.1.2" } }, "sha512-ZCmOJdvOWDBYJlzAoFkC+Q0+bUyEOS1ltgp1MGU03fqHG+dbi9tBFU2Rd9QKiDZFAYrhPh2JUf7rZRIuHRKtOg=="],

    "typescript": ["typescript@5.9.3", "", { "bin": { "tsc": "bin/tsc", "tsserver": "bin/tsserver" } }, "sha512-jl1vZzPDinLr9eUt3J/t7V6FgNEw9QjvBPdysz9KfQDD41fQrC2Y4vKQdiaUpFT4bXlb1RHhLpp8wtm6M5TgSw=="],

    "undici-types": ["undici-types@6.21.0", "", {}, "sha512-iwDZqg0QAGrg9Rav5H4n0M64c3mkR59cJ6wQp+7C4nI0gsmExaedaYLNO44eT4AtBBwjbTiGPMlt2Md0T9H9JQ=="],

    "universalify": ["universalify@0.1.2", "", {}, "sha512-rBJeI5CXAlmy1pV+617WB9J63U6XcazHHF2f2dbJix4XzpUF0RS3Zbj0FGIOCAva5P/d/GBOYaACQ1w+0azUkg=="],

    "uri-js": ["uri-js@4.4.1", "", { "dependencies": { "punycode": "^2.1.0" } }, "sha512-7rKUyy33Q1yc98pQ1DAmLtwX109F7TIfWlW1Ydo8Wl1ii1SeHieeh0HHfPeL2fMXK6z0s8ecKs9frCuLJvndBg=="],

    "util-deprecate": ["util-deprecate@1.0.2", "", {}, "sha512-EPD5q1uXyFxJpCrLnCc1nHnq3gOa6DZBocAIiI2TaSCA7VCJ1UJDMagCzIkXNsUYfD1daK//LTEQ8xiIbrHtcw=="],

    "uuid": ["uuid@3.0.1", "", { "bin": { "uuid": "./bin/uuid" } }, "sha512-tyhM7iisckwwmyHVFcjTzISz/R1ss/bRudNgHFYsgeu7j4JbhRvjE+Hbcpr9y5xh+b+HxeFjuToDT4i9kQNrtA=="],

    "verror": ["verror@1.10.0", "", { "dependencies": { "assert-plus": "^1.0.0", "core-util-is": "1.0.2", "extsprintf": "^1.2.0" } }, "sha512-ZZKSmDAEFOijERBLkmYfJ+vmk3w+7hOLYDNkRCuRuMJGEmqYNCNLyBBFwWKVMhfwaEF3WOd0Zlw86U/WC/+nYw=="],

    "webidl-conversions": ["webidl-conversions@2.0.1", "", {}, "sha512-OZ7I/f0sM+T28T2/OXinNGfmvjm3KKptdyQy8NPRZyLfYBn+9vt72Bfr+uQaE9OvWyxJjQ5kHFygH2wOTUb76g=="],

    "whatwg-url-compat": ["whatwg-url-compat@0.6.5", "", { "dependencies": { "tr46": "~0.0.1" } }, "sha512-vbg5+JVNwGtHRI3GheZGWrcUlxF9BXHbA80dLa+2XqJjlV/BK6upoi2j8dIRW9FGPUUyaMm7Hf1pTexHnsk85g=="],

    "word-wrap": ["word-wrap@1.2.5", "", {}, "sha512-BN22B5eaMMI9UMtjrGd5g5eCYPpCPDUy0FJXbYsaT5zYxjFOckS53SQDE3pWkVoWpHXVb3BrYcEN4Twa55B5cA=="],

    "xml-name-validator": ["xml-name-validator@2.0.1", "", {}, "sha512-jRKe/iQYMyVJpzPH+3HL97Lgu5HrCfii+qSo+TfjKHtOnvbnvdVfMYrn9Q34YV81M2e5sviJlI6Ko9y+nByzvA=="],

    "babel-core/debug": ["debug@2.6.9", "", { "dependencies": { "ms": "2.0.0" } }, "sha512-bC7ElrdJaJnPbAP+1EotYvqZsb3ecl5wi6Bfi6BJTUcNowp6cvspg0jXznRTKDjm/E7AdgFBVeAPVMNcKGsHMA=="],

    "babel-traverse/debug": ["debug@2.6.9", "", { "dependencies": { "ms": "2.0.0" } }, "sha512-bC7ElrdJaJnPbAP+1EotYvqZsb3ecl5wi6Bfi6BJTUcNowp6cvspg0jXznRTKDjm/E7AdgFBVeAPVMNcKGsHMA=="],

    "escodegen/estraverse": ["estraverse@4.3.0", "", {}, "sha512-39nnKffWz8xN1BU/2c79n9nB9HDzo0niYUqx6xyqUnyoAnQyyWpOTdZEeiCch8BBu515t4wp9ZmgVfVhn9EBpw=="],

    "escodegen/source-map": ["source-map@0.6.1", "", {}, "sha512-UjgapumWlbMhkBgzT7Ykc5YXUT46F0iKu8SGXq0bcwP5dz/h0Plj6enJqjz1Zbq2l5WaqYnrVbwWOWMyF3F47g=="],

    "esdoc/marked": ["marked@0.3.19", "", { "bin": { "marked": "./bin/marked" } }, "sha512-ea2eGWOqNxPcXv8dyERdSr/6FmzvWwzjMxpfGB/sbMccXoct+xY+YukPD+QTUZwyvK7BZwcr4m21WBOW41pAkg=="],

    "esdoc-es7-plugin/babylon": ["babylon@5.8.20", "", {}, "sha512-C2FmUgJHSyHRJYsM5hBHoudaqw6zAI9TJWdNpdmdphgZI/n4TlOAhR3UvitV6MmJ1m285Nwy8cbKYpltRSZB+g=="],

    "esdoc-es7-plugin/core-js": ["core-js@1.0.1", "", {}, "sha512-zJjMnWELJrSpquUFc5MD9dAvFitwDmrBNAwOjQu+z4y+e8kyotQx/x6vLRxIuy0AFtKNKbNG9uRDaGM99U8+1Q=="],

    "esdoc-plugin-async-to-sync/lodash": ["lodash@3.10.1", "", {}, "sha512-9mDDwqVIma6OZX79ZlDACZl8sBm0TEnkf99zV3iMA4GzkIT/9hiqP5mY0HoT1iNLCrKc/R1HByV+yJfRWVJryQ=="],

    "ice-cap/cheerio": ["cheerio@0.20.0", "", { "dependencies": { "css-select": "~1.2.0", "dom-serializer": "~0.1.0", "entities": "~1.1.1", "htmlparser2": "~3.8.1", "lodash": "^4.1.0" }, "optionalDependencies": { "jsdom": "^7.0.2" } }, "sha512-e5jCTzJc28MWkrLLjB1mu3ks7rDQJLC5y/JMdQkOAEX/dmJk62rC6Xae1yvOO4xyCxLpzcth3jIZ7nypmjQ/0w=="],

    "ice-cap/color-logger": ["color-logger@0.0.3", "", {}, "sha512-s4oriek7VTdSmDbS5chJhNui3uUzlk/mU39V4HnOUv0KphRXpIj73lq4wY5f8l/x+WtHUhiV+FCzsrNO1w6REA=="],

    "jsdom/parse5": ["parse5@1.5.1", "", {}, "sha512-w2jx/0tJzvgKwZa58sj2vAYq/S/K1QJfIB3cWYea/Iu1scFPDQQ3IQiVZTHWtRBwAjv2Yd7S/xeZf3XqLDb3bA=="],

    "mkdirp/minimist": ["minimist@1.2.8", "", {}, "sha512-2yyAR8qBkN3YuheJanUpWC5U3bb5osDywNB8RzDVlDwDHbocAJveqqj1u8+SVD7jkWT4yvsHCpWqqWqAxb0zCA=="],

    "parse5/@types/node": ["@types/node@8.10.66", "", {}, "sha512-tktOkFUA4kXx2hhhrB8bIFb5TbwzS4uOhKEmwiD+NoiL0qtP2OQ9mFldbgD4dV1djrlBYP6eBuQZiWjuHUpqFw=="],

    "request/uuid": ["uuid@3.4.0", "", { "bin": { "uuid": "./bin/uuid" } }, "sha512-HjSDRw6gZE5JMggctHBcjVak08+KEVhSIiDzFnT9S9aegmp85S/bReBVTb4QTFaRNptJ9kuYaNhnbNEOkbKb/A=="],

    "verror/core-util-is": ["core-util-is@1.0.2", "", {}, "sha512-3lqz5YjWTYnW6dlDa5TLaTCcShfar1e40rmcJVwCBJC6mWlFuj0eCHIElmG1g5kyuJ/GD+8Wn4FFCcz4gJPfaQ=="],

    "babel-core/debug/ms": ["ms@2.0.0", "", {}, "sha512-Tpp60P6IUJDTuOq/5Z8cdskzJujfwqfOTkrwIwj7IRISpnkJnT6SyJ4PCPnGMoFjC9ddhal5KVIYtAt97ix05A=="],

    "babel-traverse/debug/ms": ["ms@2.0.0", "", {}, "sha512-Tpp60P6IUJDTuOq/5Z8cdskzJujfwqfOTkrwIwj7IRISpnkJnT6SyJ4PCPnGMoFjC9ddhal5KVIYtAt97ix05A=="],

    "ice-cap/cheerio/htmlparser2": ["htmlparser2@3.8.3", "", { "dependencies": { "domelementtype": "1", "domhandler": "2.3", "domutils": "1.5", "entities": "1.0", "readable-stream": "1.1" } }, "sha512-hBxEg3CYXe+rPIua8ETe7tmG3XDn9B0edOE/e9wH2nLczxzgdu0m0aNHY+5wFZiviLWLdANPJTssa92dMcXQ5Q=="],

    "ice-cap/cheerio/htmlparser2/domhandler": ["domhandler@2.3.0", "", { "dependencies": { "domelementtype": "1" } }, "sha512-q9bUwjfp7Eif8jWxxxPSykdRZAb6GkguBGSgvvCrhI9wB71W2K/Kvv4E61CF/mcCfnVJDeDWx/Vb/uAqbDj6UQ=="],

    "ice-cap/cheerio/htmlparser2/entities": ["entities@1.0.0", "", {}, "sha512-LbLqfXgJMmy81t+7c14mnulFHJ170cM6E+0vMXR9k/ZiZwgX8i5pNgjTCX3SO4VeUsFLV+8InixoretwU+MjBQ=="],

    "ice-cap/cheerio/htmlparser2/readable-stream": ["readable-stream@1.1.14", "", { "dependencies": { "core-util-is": "~1.0.0", "inherits": "~2.0.1", "isarray": "0.0.1", "string_decoder": "~0.10.x" } }, "sha512-+MeVjFf4L44XUkhM1eYbD8fyEsxcV81pqMSR5gblfcLCHfZvbrqy4/qYHE+/R5HoBUT11WV5O08Cr1n3YXkWVQ=="],

    "ice-cap/cheerio/htmlparser2/readable-stream/string_decoder": ["string_decoder@0.10.31", "", {}, "sha512-ev2QzSzWPYmy9GuqfIVildA4OdcGLeFZQrq5ys6RtiuF+RQQiZWr8TZNyAcuVXyQRYfEO+MsoB/1BuQVhOJuoQ=="],
  }
}
